
Microsoft Visual Studio Solution File, Format Version 12.00
# Visual Studio 14
VisualStudioVersion = 14.0.24720.0
MinimumVisualStudioVersion = 10.0.40219.1
Project("{E24C65DC-7377-472B-9ABA-BC803B73C61A}") = "PracticaDirectorio", "..\..\WebSites\PracticaDirectorio\", "{F91FCAC0-3706-489A-845D-47944D9C46BF}"
	ProjectSection(WebsiteProperties) = preProject
		TargetFrameworkMoniker = ".NETFramework,Version%3Dv4.6.1"
		Debug.AspNetCompiler.VirtualPath = "/localhost_31165"
		Debug.AspNetCompiler.PhysicalPath = "..\..\WebSites\PracticaDirectorio\"
		Debug.AspNetCompiler.TargetPath = "PrecompiledWeb\localhost_31165\"
		Debug.AspNetCompiler.Updateable = "true"
		Debug.AspNetCompiler.ForceOverwrite = "true"
		Debug.AspNetCompiler.FixedNames = "false"
		Debug.AspNetCompiler.Debug = "True"
		Release.AspNetCompiler.VirtualPath = "/localhost_31165"
		Release.AspNetCompiler.PhysicalPath = "..\..\WebSites\PracticaDirectorio\"
		Release.AspNetCompiler.TargetPath = "PrecompiledWeb\localhost_31165\"
		Release.AspNetCompiler.Updateable = "true"
		Release.AspNetCompiler.ForceOverwrite = "true"
		Release.AspNetCompiler.FixedNames = "false"
		Release.AspNetCompiler.Debug = "False"
		VWDPort = "31165"
		SlnRelativePath = "..\..\WebSites\PracticaDirectorio\"
		DefaultWebSiteLanguage = "Visual C#"
	EndProjectSection
EndProject
Global
	GlobalSection(SolutionConfigurationPlatforms) = preSolution
		Debug|Any CPU = Debug|Any CPU
	EndGlobalSection
	GlobalSection(ProjectConfigurationPlatforms) = postSolution
		{F91FCAC0-3706-489A-845D-47944D9C46BF}.Debug|Any CPU.ActiveCfg = Debug|Any CPU
		{F91FCAC0-3706-489A-845D-47944D9C46BF}.Debug|Any CPU.Build.0 = Debug|Any CPU
	EndGlobalSection
	GlobalSection(SolutionProperties) = preSolution
		HideSolutionNode = FALSE
	EndGlobalSection
EndGlobal
