
Microsoft Visual Studio Solution File, Format Version 12.00
# Visual Studio 14
VisualStudioVersion = 14.0.24720.0
MinimumVisualStudioVersion = 10.0.40219.1
Project("{FAE04EC0-301F-11D3-BF4B-00C04F79EFBC}") = "ProyectoGimnasioAsistenciasV1.0", "ProyectoNubiaV0.1\ProyectoGimnasioAsistenciasV1.0.csproj", "{0B1A3E91-F1A0-4055-BA79-41DBF40EFDFE}"
EndProject
Project("{FAE04EC0-301F-11D3-BF4B-00C04F79EFBC}") = "ProyectoNubiaV0.1", "..\..\..\..\Downloads\ProyectoNubiaV0.1 (1)\ProyectoNubiaV0.1\ProyectoNubiaV0.1\ProyectoNubiaV0.1.csproj", "{1147E5D7-4222-414C-9659-C264986F5995}"
EndProject
Global
	GlobalSection(SolutionConfigurationPlatforms) = preSolution
		Debug|Any CPU = Debug|Any CPU
		Release|Any CPU = Release|Any CPU
	EndGlobalSection
	GlobalSection(ProjectConfigurationPlatforms) = postSolution
		{0B1A3E91-F1A0-4055-BA79-41DBF40EFDFE}.Debug|Any CPU.ActiveCfg = Debug|Any CPU
		{0B1A3E91-F1A0-4055-BA79-41DBF40EFDFE}.Debug|Any CPU.Build.0 = Debug|Any CPU
		{0B1A3E91-F1A0-4055-BA79-41DBF40EFDFE}.Release|Any CPU.ActiveCfg = Release|Any CPU
		{0B1A3E91-F1A0-4055-BA79-41DBF40EFDFE}.Release|Any CPU.Build.0 = Release|Any CPU
		{1147E5D7-4222-414C-9659-C264986F5995}.Debug|Any CPU.ActiveCfg = Debug|Any CPU
		{1147E5D7-4222-414C-9659-C264986F5995}.Debug|Any CPU.Build.0 = Debug|Any CPU
		{1147E5D7-4222-414C-9659-C264986F5995}.Release|Any CPU.ActiveCfg = Release|Any CPU
		{1147E5D7-4222-414C-9659-C264986F5995}.Release|Any CPU.Build.0 = Release|Any CPU
	EndGlobalSection
	GlobalSection(SolutionProperties) = preSolution
		HideSolutionNode = FALSE
	EndGlobalSection
EndGlobal
