
Microsoft Visual Studio Solution File, Format Version 12.00
# Visual Studio 14
VisualStudioVersion = 14.0.24720.0
MinimumVisualStudioVersion = 10.0.40219.1
Project("{FAE04EC0-301F-11D3-BF4B-00C04F79EFBC}") = "Practica11", "Practica11\Practica11.csproj", "{16DAA56D-F913-423D-9276-7A096C4A6766}"
EndProject
Global
	GlobalSection(SolutionConfigurationPlatforms) = preSolution
		Debug|Any CPU = Debug|Any CPU
		Release|Any CPU = Release|Any CPU
	EndGlobalSection
	GlobalSection(ProjectConfigurationPlatforms) = postSolution
		{16DAA56D-F913-423D-9276-7A096C4A6766}.Debug|Any CPU.ActiveCfg = Debug|Any CPU
		{16DAA56D-F913-423D-9276-7A096C4A6766}.Debug|Any CPU.Build.0 = Debug|Any CPU
		{16DAA56D-F913-423D-9276-7A096C4A6766}.Release|Any CPU.ActiveCfg = Release|Any CPU
		{16DAA56D-F913-423D-9276-7A096C4A6766}.Release|Any CPU.Build.0 = Release|Any CPU
	EndGlobalSection
	GlobalSection(SolutionProperties) = preSolution
		HideSolutionNode = FALSE
	EndGlobalSection
EndGlobal
