
Microsoft Visual Studio Solution File, Format Version 12.00
# Visual Studio 14
VisualStudioVersion = 14.0.24720.0
MinimumVisualStudioVersion = 10.0.40219.1
Project("{FAE04EC0-301F-11D3-BF4B-00C04F79EFBC}") = "ConsoleApplication3", "ConsoleApplication3\ConsoleApplication3.csproj", "{042FEB68-E74B-4AC3-A2F4-51401D5D18EB}"
EndProject
Project("{FAE04EC0-301F-11D3-BF4B-00C04F79EFBC}") = "ConsoleApplication2", "F:\ConsoleApplication2\ConsoleApplication2\ConsoleApplication2.csproj", "{96646CCD-DB40-4689-9918-2B73F217E9FB}"
EndProject
Global
	GlobalSection(SolutionConfigurationPlatforms) = preSolution
		Debug|Any CPU = Debug|Any CPU
		Release|Any CPU = Release|Any CPU
	EndGlobalSection
	GlobalSection(ProjectConfigurationPlatforms) = postSolution
		{042FEB68-E74B-4AC3-A2F4-51401D5D18EB}.Debug|Any CPU.ActiveCfg = Debug|Any CPU
		{042FEB68-E74B-4AC3-A2F4-51401D5D18EB}.Debug|Any CPU.Build.0 = Debug|Any CPU
		{042FEB68-E74B-4AC3-A2F4-51401D5D18EB}.Release|Any CPU.ActiveCfg = Release|Any CPU
		{042FEB68-E74B-4AC3-A2F4-51401D5D18EB}.Release|Any CPU.Build.0 = Release|Any CPU
		{96646CCD-DB40-4689-9918-2B73F217E9FB}.Debug|Any CPU.ActiveCfg = Debug|Any CPU
		{96646CCD-DB40-4689-9918-2B73F217E9FB}.Debug|Any CPU.Build.0 = Debug|Any CPU
		{96646CCD-DB40-4689-9918-2B73F217E9FB}.Release|Any CPU.ActiveCfg = Release|Any CPU
		{96646CCD-DB40-4689-9918-2B73F217E9FB}.Release|Any CPU.Build.0 = Release|Any CPU
	EndGlobalSection
	GlobalSection(SolutionProperties) = preSolution
		HideSolutionNode = FALSE
	EndGlobalSection
EndGlobal
